// !$*UTF8*$!
{
	archiveVersion = 1;
	classes = {
	};
	objectVersion = 50;
	objects = {

/* Begin PBXBuildFile section */
		09852918B01FEC3D7EFEA6E1 /* Pods_Habito.framework in Frameworks */ = {isa = PBXBuildFile; fileRef = 3029A8EEF720DD7A9EFB919E /* Pods_Habito.framework */; };
		E23D4776244B5C0900662ABE /* SetNotification.swift in Sources */ = {isa = PBXBuildFile; fileRef = E23D4775244B5C0900662ABE /* SetNotification.swift */; };
		E26E61182436843900E78D89 /* AppDelegate.swift in Sources */ = {isa = PBXBuildFile; fileRef = E26E61172436843900E78D89 /* AppDelegate.swift */; };
		E26E611A2436843900E78D89 /* SceneDelegate.swift in Sources */ = {isa = PBXBuildFile; fileRef = E26E61192436843900E78D89 /* SceneDelegate.swift */; };
		E26E611D2436843900E78D89 /* Habito.xcdatamodeld in Sources */ = {isa = PBXBuildFile; fileRef = E26E611B2436843900E78D89 /* Habito.xcdatamodeld */; };
		E26E611F2436843900E78D89 /* ContentView.swift in Sources */ = {isa = PBXBuildFile; fileRef = E26E611E2436843900E78D89 /* ContentView.swift */; };
		E26E61212436843C00E78D89 /* Assets.xcassets in Resources */ = {isa = PBXBuildFile; fileRef = E26E61202436843C00E78D89 /* Assets.xcassets */; };
		E26E61242436843C00E78D89 /* Preview Assets.xcassets in Resources */ = {isa = PBXBuildFile; fileRef = E26E61232436843C00E78D89 /* Preview Assets.xcassets */; };
		E26E61272436843C00E78D89 /* LaunchScreen.storyboard in Resources */ = {isa = PBXBuildFile; fileRef = E26E61252436843C00E78D89 /* LaunchScreen.storyboard */; };
		E29F1C232436895400A05052 /* ViewNav.swift in Sources */ = {isa = PBXBuildFile; fileRef = E29F1C222436895400A05052 /* ViewNav.swift */; };
/* End PBXBuildFile section */

/* Begin PBXFileReference section */
		1B4A31724B95BB4DBF35B391 /* Pods-Habito.debug.xcconfig */ = {isa = PBXFileReference; includeInIndex = 1; lastKnownFileType = text.xcconfig; name = "Pods-Habito.debug.xcconfig"; path = "Target Support Files/Pods-Habito/Pods-Habito.debug.xcconfig"; sourceTree = "<group>"; };
		3029A8EEF720DD7A9EFB919E /* Pods_Habito.framework */ = {isa = PBXFileReference; explicitFileType = wrapper.framework; includeInIndex = 0; path = Pods_Habito.framework; sourceTree = BUILT_PRODUCTS_DIR; };
		513C1CE121308EEAE820EF5A /* Pods-Habito.release.xcconfig */ = {isa = PBXFileReference; includeInIndex = 1; lastKnownFileType = text.xcconfig; name = "Pods-Habito.release.xcconfig"; path = "Target Support Files/Pods-Habito/Pods-Habito.release.xcconfig"; sourceTree = "<group>"; };
		E23D4775244B5C0900662ABE /* SetNotification.swift */ = {isa = PBXFileReference; lastKnownFileType = sourcecode.swift; path = SetNotification.swift; sourceTree = "<group>"; };
		E26E61142436843900E78D89 /* Habito.app */ = {isa = PBXFileReference; explicitFileType = wrapper.application; includeInIndex = 0; path = Habito.app; sourceTree = BUILT_PRODUCTS_DIR; };
		E26E61172436843900E78D89 /* AppDelegate.swift */ = {isa = PBXFileReference; lastKnownFileType = sourcecode.swift; path = AppDelegate.swift; sourceTree = "<group>"; };
		E26E61192436843900E78D89 /* SceneDelegate.swift */ = {isa = PBXFileReference; lastKnownFileType = sourcecode.swift; path = SceneDelegate.swift; sourceTree = "<group>"; };
		E26E611C2436843900E78D89 /* Habito.xcdatamodel */ = {isa = PBXFileReference; lastKnownFileType = wrapper.xcdatamodel; path = Habito.xcdatamodel; sourceTree = "<group>"; };
		E26E611E2436843900E78D89 /* ContentView.swift */ = {isa = PBXFileReference; lastKnownFileType = sourcecode.swift; path = ContentView.swift; sourceTree = "<group>"; };
		E26E61202436843C00E78D89 /* Assets.xcassets */ = {isa = PBXFileReference; lastKnownFileType = folder.assetcatalog; path = Assets.xcassets; sourceTree = "<group>"; };
		E26E61232436843C00E78D89 /* Preview Assets.xcassets */ = {isa = PBXFileReference; lastKnownFileType = folder.assetcatalog; path = "Preview Assets.xcassets"; sourceTree = "<group>"; };
		E26E61262436843C00E78D89 /* Base */ = {isa = PBXFileReference; lastKnownFileType = file.storyboard; name = Base; path = Base.lproj/LaunchScreen.storyboard; sourceTree = "<group>"; };
		E26E61282436843C00E78D89 /* Info.plist */ = {isa = PBXFileReference; lastKnownFileType = text.plist.xml; path = Info.plist; sourceTree = "<group>"; };
		E29F1C222436895400A05052 /* ViewNav.swift */ = {isa = PBXFileReference; lastKnownFileType = sourcecode.swift; path = ViewNav.swift; sourceTree = "<group>"; };
/* End PBXFileReference section */

/* Begin PBXFrameworksBuildPhase section */
		E26E61112436843900E78D89 /* Frameworks */ = {
			isa = PBXFrameworksBuildPhase;
			buildActionMask = 2147483647;
			files = (
				09852918B01FEC3D7EFEA6E1 /* Pods_Habito.framework in Frameworks */,
			);
			runOnlyForDeploymentPostprocessing = 0;
		};
/* End PBXFrameworksBuildPhase section */

/* Begin PBXGroup section */
		7A7247DC7C190A4312ED1D51 /* Pods */ = {
			isa = PBXGroup;
			children = (
				1B4A31724B95BB4DBF35B391 /* Pods-Habito.debug.xcconfig */,
				513C1CE121308EEAE820EF5A /* Pods-Habito.release.xcconfig */,
			);
			name = Pods;
			path = Pods;
			sourceTree = "<group>";
		};
		D3E495DAB315F6A1AE26EBF2 /* Frameworks */ = {
			isa = PBXGroup;
			children = (
				3029A8EEF720DD7A9EFB919E /* Pods_Habito.framework */,
			);
			name = Frameworks;
			sourceTree = "<group>";
		};
		E26E610B2436843900E78D89 = {
			isa = PBXGroup;
			children = (
				E26E61162436843900E78D89 /* Habito */,
				E26E61152436843900E78D89 /* Products */,
				7A7247DC7C190A4312ED1D51 /* Pods */,
				D3E495DAB315F6A1AE26EBF2 /* Frameworks */,
			);
			sourceTree = "<group>";
		};
		E26E61152436843900E78D89 /* Products */ = {
			isa = PBXGroup;
			children = (
				E26E61142436843900E78D89 /* Habito.app */,
			);
			name = Products;
			sourceTree = "<group>";
		};
		E26E61162436843900E78D89 /* Habito */ = {
			isa = PBXGroup;
			children = (
				E26E61172436843900E78D89 /* AppDelegate.swift */,
				E26E61192436843900E78D89 /* SceneDelegate.swift */,
				E29F1C222436895400A05052 /* ViewNav.swift */,
				E26E611E2436843900E78D89 /* ContentView.swift */,
				E23D4775244B5C0900662ABE /* SetNotification.swift */,
				E26E61202436843C00E78D89 /* Assets.xcassets */,
				E26E61252436843C00E78D89 /* LaunchScreen.storyboard */,
				E26E61282436843C00E78D89 /* Info.plist */,
				E26E611B2436843900E78D89 /* Habito.xcdatamodeld */,
				E26E61222436843C00E78D89 /* Preview Content */,
			);
			path = Habito;
			sourceTree = "<group>";
		};
		E26E61222436843C00E78D89 /* Preview Content */ = {
			isa = PBXGroup;
			children = (
				E26E61232436843C00E78D89 /* Preview Assets.xcassets */,
			);
			path = "Preview Content";
			sourceTree = "<group>";
		};
/* End PBXGroup section */

/* Begin PBXNativeTarget section */
		E26E61132436843900E78D89 /* Habito */ = {
			isa = PBXNativeTarget;
			buildConfigurationList = E26E612B2436843C00E78D89 /* Build configuration list for PBXNativeTarget "Habito" */;
			buildPhases = (
				2D2212F1B1625E68D53C34AC /* [CP] Check Pods Manifest.lock */,
				E26E61102436843900E78D89 /* Sources */,
				E26E61112436843900E78D89 /* Frameworks */,
				E26E61122436843900E78D89 /* Resources */,
			);
			buildRules = (
			);
			dependencies = (
			);
			name = Habito;
			productName = Habito;
			productReference = E26E61142436843900E78D89 /* Habito.app */;
			productType = "com.apple.product-type.application";
		};
/* End PBXNativeTarget section */

/* Begin PBXProject section */
		E26E610C2436843900E78D89 /* Project object */ = {
			isa = PBXProject;
			attributes = {
				LastSwiftUpdateCheck = 1130;
				LastUpgradeCheck = 1130;
				ORGANIZATIONNAME = "Gurjit Singh";
				TargetAttributes = {
					E26E61132436843900E78D89 = {
						CreatedOnToolsVersion = 11.3.1;
					};
				};
			};
			buildConfigurationList = E26E610F2436843900E78D89 /* Build configuration list for PBXProject "Habito" */;
			compatibilityVersion = "Xcode 9.3";
			developmentRegion = en;
			hasScannedForEncodings = 0;
			knownRegions = (
				en,
				Base,
			);
			mainGroup = E26E610B2436843900E78D89;
			productRefGroup = E26E61152436843900E78D89 /* Products */;
			projectDirPath = "";
			projectRoot = "";
			targets = (
				E26E61132436843900E78D89 /* Habito */,
			);
		};
/* End PBXProject section */

/* Begin PBXResourcesBuildPhase section */
		E26E61122436843900E78D89 /* Resources */ = {
			isa = PBXResourcesBuildPhase;
			buildActionMask = 2147483647;
			files = (
				E26E61272436843C00E78D89 /* LaunchScreen.storyboard in Resources */,
				E26E61242436843C00E78D89 /* Preview Assets.xcassets in Resources */,
				E26E61212436843C00E78D89 /* Assets.xcassets in Resources */,
			);
			runOnlyForDeploymentPostprocessing = 0;
		};
/* End PBXResourcesBuildPhase section */

/* Begin PBXShellScriptBuildPhase section */
		2D2212F1B1625E68D53C34AC /* [CP] Check Pods Manifest.lock */ = {
			isa = PBXShellScriptBuildPhase;
			buildActionMask = 2147483647;
			files = (
			);
			inputFileListPaths = (
			);
			inputPaths = (
				"${PODS_PODFILE_DIR_PATH}/Podfile.lock",
				"${PODS_ROOT}/Manifest.lock",
			);
			name = "[CP] Check Pods Manifest.lock";
			outputFileListPaths = (
			);
			outputPaths = (
				"$(DERIVED_FILE_DIR)/Pods-Habito-checkManifestLockResult.txt",
			);
			runOnlyForDeploymentPostprocessing = 0;
			shellPath = /bin/sh;
			shellScript = "diff \"${PODS_PODFILE_DIR_PATH}/Podfile.lock\" \"${PODS_ROOT}/Manifest.lock\" > /dev/null\nif [ $? != 0 ] ; then\n    # print error to STDERR\n    echo \"error: The sandbox is not in sync with the Podfile.lock. Run 'pod install' or update your CocoaPods installation.\" >&2\n    exit 1\nfi\n# This output is used by Xcode 'outputs' to avoid re-running this script phase.\necho \"SUCCESS\" > \"${SCRIPT_OUTPUT_FILE_0}\"\n";
			showEnvVarsInLog = 0;
		};
/* End PBXShellScriptBuildPhase section */

/* Begin PBXSourcesBuildPhase section */
		E26E61102436843900E78D89 /* Sources */ = {
			isa = PBXSourcesBuildPhase;
			buildActionMask = 2147483647;
			files = (
				E29F1C232436895400A05052 /* ViewNav.swift in Sources */,
				E23D4776244B5C0900662ABE /* SetNotification.swift in Sources */,
				E26E61182436843900E78D89 /* AppDelegate.swift in Sources */,
				E26E611A2436843900E78D89 /* SceneDelegate.swift in Sources */,
				E26E611F2436843900E78D89 /* ContentView.swift in Sources */,
				E26E611D2436843900E78D89 /* Habito.xcdatamodeld in Sources */,
			);
			runOnlyForDeploymentPostprocessing = 0;
		};
/* End PBXSourcesBuildPhase section */

/* Begin PBXVariantGroup section */
		E26E61252436843C00E78D89 /* LaunchScreen.storyboard */ = {
			isa = PBXVariantGroup;
			children = (
				E26E61262436843C00E78D89 /* Base */,
			);
			name = LaunchScreen.storyboard;
			sourceTree = "<group>";
		};
/* End PBXVariantGroup section */

/* Begin XCBuildConfiguration section */
		E26E61292436843C00E78D89 /* Debug */ = {
			isa = XCBuildConfiguration;
			buildSettings = {
				ALWAYS_SEARCH_USER_PATHS = NO;
				CLANG_ANALYZER_NONNULL = YES;
				CLANG_ANALYZER_NUMBER_OBJECT_CONVERSION = YES_AGGRESSIVE;
				CLANG_CXX_LANGUAGE_STANDARD = "gnu++14";
				CLANG_CXX_LIBRARY = "libc++";
				CLANG_ENABLE_MODULES = YES;
				CLANG_ENABLE_OBJC_ARC = YES;
				CLANG_ENABLE_OBJC_WEAK = YES;
				CLANG_WARN_BLOCK_CAPTURE_AUTORELEASING = YES;
				CLANG_WARN_BOOL_CONVERSION = YES;
				CLANG_WARN_COMMA = YES;
				CLANG_WARN_CONSTANT_CONVERSION = YES;
				CLANG_WARN_DEPRECATED_OBJC_IMPLEMENTATIONS = YES;
				CLANG_WARN_DIRECT_OBJC_ISA_USAGE = YES_ERROR;
				CLANG_WARN_DOCUMENTATION_COMMENTS = YES;
				CLANG_WARN_EMPTY_BODY = YES;
				CLANG_WARN_ENUM_CONVERSION = YES;
				CLANG_WARN_INFINITE_RECURSION = YES;
				CLANG_WARN_INT_CONVERSION = YES;
				CLANG_WARN_NON_LITERAL_NULL_CONVERSION = YES;
				CLANG_WARN_OBJC_IMPLICIT_RETAIN_SELF = YES;
				CLANG_WARN_OBJC_LITERAL_CONVERSION = YES;
				CLANG_WARN_OBJC_ROOT_CLASS = YES_ERROR;
				CLANG_WARN_RANGE_LOOP_ANALYSIS = YES;
				CLANG_WARN_STRICT_PROTOTYPES = YES;
				CLANG_WARN_SUSPICIOUS_MOVE = YES;
				CLANG_WARN_UNGUARDED_AVAILABILITY = YES_AGGRESSIVE;
				CLANG_WARN_UNREACHABLE_CODE = YES;
				CLANG_WARN__DUPLICATE_METHOD_MATCH = YES;
				COPY_PHASE_STRIP = NO;
				DEBUG_INFORMATION_FORMAT = dwarf;
				ENABLE_STRICT_OBJC_MSGSEND = YES;
				ENABLE_TESTABILITY = YES;
				GCC_C_LANGUAGE_STANDARD = gnu11;
				GCC_DYNAMIC_NO_PIC = NO;
				GCC_NO_COMMON_BLOCKS = YES;
				GCC_OPTIMIZATION_LEVEL = 0;
				GCC_PREPROCESSOR_DEFINITIONS = (
					"DEBUG=1",
					"$(inherited)",
				);
				GCC_WARN_64_TO_32_BIT_CONVERSION = YES;
				GCC_WARN_ABOUT_RETURN_TYPE = YES_ERROR;
				GCC_WARN_UNDECLARED_SELECTOR = YES;
				GCC_WARN_UNINITIALIZED_AUTOS = YES_AGGRESSIVE;
				GCC_WARN_UNUSED_FUNCTION = YES;
				GCC_WARN_UNUSED_VARIABLE = YES;
				IPHONEOS_DEPLOYMENT_TARGET = 13.2;
				MTL_ENABLE_DEBUG_INFO = INCLUDE_SOURCE;
				MTL_FAST_MATH = YES;
				ONLY_ACTIVE_ARCH = YES;
				SDKROOT = iphoneos;
				SWIFT_ACTIVE_COMPILATION_CONDITIONS = DEBUG;
				SWIFT_OPTIMIZATION_LEVEL = "-Onone";
			};
			name = Debug;
		};
		E26E612A2436843C00E78D89 /* Release */ = {
			isa = XCBuildConfiguration;
			buildSettings = {
				ALWAYS_SEARCH_USER_PATHS = NO;
				CLANG_ANALYZER_NONNULL = YES;
				CLANG_ANALYZER_NUMBER_OBJECT_CONVERSION = YES_AGGRESSIVE;
				CLANG_CXX_LANGUAGE_STANDARD = "gnu++14";
				CLANG_CXX_LIBRARY = "libc++";
				CLANG_ENABLE_MODULES = YES;
				CLANG_ENABLE_OBJC_ARC = YES;
				CLANG_ENABLE_OBJC_WEAK = YES;
				CLANG_WARN_BLOCK_CAPTURE_AUTORELEASING = YES;
				CLANG_WARN_BOOL_CONVERSION = YES;
				CLANG_WARN_COMMA = YES;
				CLANG_WARN_CONSTANT_CONVERSION = YES;
				CLANG_WARN_DEPRECATED_OBJC_IMPLEMENTATIONS = YES;
				CLANG_WARN_DIRECT_OBJC_ISA_USAGE = YES_ERROR;
				CLANG_WARN_DOCUMENTATION_COMMENTS = YES;
				CLANG_WARN_EMPTY_BODY = YES;
				CLANG_WARN_ENUM_CONVERSION = YES;
				CLANG_WARN_INFINITE_RECURSION = YES;
				CLANG_WARN_INT_CONVERSION = YES;
				CLANG_WARN_NON_LITERAL_NULL_CONVERSION = YES;
				CLANG_WARN_OBJC_IMPLICIT_RETAIN_SELF = YES;
				CLANG_WARN_OBJC_LITERAL_CONVERSION = YES;
				CLANG_WARN_OBJC_ROOT_CLASS = YES_ERROR;
				CLANG_WARN_RANGE_LOOP_ANALYSIS = YES;
				CLANG_WARN_STRICT_PROTOTYPES = YES;
				CLANG_WARN_SUSPICIOUS_MOVE = YES;
				CLANG_WARN_UNGUARDED_AVAILABILITY = YES_AGGRESSIVE;
				CLANG_WARN_UNREACHABLE_CODE = YES;
				CLANG_WARN__DUPLICATE_METHOD_MATCH = YES;
				COPY_PHASE_STRIP = NO;
				DEBUG_INFORMATION_FORMAT = "dwarf-with-dsym";
				ENABLE_NS_ASSERTIONS = NO;
				ENABLE_STRICT_OBJC_MSGSEND = YES;
				GCC_C_LANGUAGE_STANDARD = gnu11;
				GCC_NO_COMMON_BLOCKS = YES;
				GCC_WARN_64_TO_32_BIT_CONVERSION = YES;
				GCC_WARN_ABOUT_RETURN_TYPE = YES_ERROR;
				GCC_WARN_UNDECLARED_SELECTOR = YES;
				GCC_WARN_UNINITIALIZED_AUTOS = YES_AGGRESSIVE;
				GCC_WARN_UNUSED_FUNCTION = YES;
				GCC_WARN_UNUSED_VARIABLE = YES;
				IPHONEOS_DEPLOYMENT_TARGET = 13.2;
				MTL_ENABLE_DEBUG_INFO = NO;
				MTL_FAST_MATH = YES;
				SDKROOT = iphoneos;
				SWIFT_COMPILATION_MODE = wholemodule;
				SWIFT_OPTIMIZATION_LEVEL = "-O";
				VALIDATE_PRODUCT = YES;
			};
			name = Release;
		};
		E26E612C2436843C00E78D89 /* Debug */ = {
			isa = XCBuildConfiguration;
			baseConfigurationReference = 1B4A31724B95BB4DBF35B391 /* Pods-Habito.debug.xcconfig */;
			buildSettings = {
				ASSETCATALOG_COMPILER_APPICON_NAME = AppIcon;
				CODE_SIGN_STYLE = Automatic;
				DEVELOPMENT_ASSET_PATHS = "\"Habito/Preview Content\"";
				DEVELOPMENT_TEAM = 2BCJYYM5MG;
				ENABLE_PREVIEWS = YES;
				INFOPLIST_FILE = Habito/Info.plist;
				LD_RUNPATH_SEARCH_PATHS = (
					"$(inherited)",
					"@executable_path/Frameworks",
				);
				PRODUCT_BUNDLE_IDENTIFIER = com.gurjits.Habito;
				PRODUCT_NAME = "$(TARGET_NAME)";
				SWIFT_VERSION = 5.0;
				TARGETED_DEVICE_FAMILY = "1,2";
			};
			name = Debug;
		};
		E26E612D2436843C00E78D89 /* Release */ = {
			isa = XCBuildConfiguration;
			baseConfigurationReference = 513C1CE121308EEAE820EF5A /* Pods-Habito.release.xcconfig */;
			buildSettings = {
				ASSETCATALOG_COMPILER_APPICON_NAME = AppIcon;
				CODE_SIGN_STYLE = Automatic;
				DEVELOPMENT_ASSET_PATHS = "\"Habito/Preview Content\"";
				DEVELOPMENT_TEAM = 2BCJYYM5MG;
				ENABLE_PREVIEWS = YES;
				INFOPLIST_FILE = Habito/Info.plist;
				LD_RUNPATH_SEARCH_PATHS = (
					"$(inherited)",
					"@executable_path/Frameworks",
				);
				PRODUCT_BUNDLE_IDENTIFIER = com.gurjits.Habito;
				PRODUCT_NAME = "$(TARGET_NAME)";
				SWIFT_VERSION = 5.0;
				TARGETED_DEVICE_FAMILY = "1,2";
			};
			name = Release;
		};
/* End XCBuildConfiguration section */

/* Begin XCConfigurationList section */
		E26E610F2436843900E78D89 /* Build configuration list for PBXProject "Habito" */ = {
			isa = XCConfigurationList;
			buildConfigurations = (
				E26E61292436843C00E78D89 /* Debug */,
				E26E612A2436843C00E78D89 /* Release */,
			);
			defaultConfigurationIsVisible = 0;
			defaultConfigurationName = Release;
		};
		E26E612B2436843C00E78D89 /* Build configuration list for PBXNativeTarget "Habito" */ = {
			isa = XCConfigurationList;
			buildConfigurations = (
				E26E612C2436843C00E78D89 /* Debug */,
				E26E612D2436843C00E78D89 /* Release */,
			);
			defaultConfigurationIsVisible = 0;
			defaultConfigurationName = Release;
		};
/* End XCConfigurationList section */

/* Begin XCVersionGroup section */
		E26E611B2436843900E78D89 /* Habito.xcdatamodeld */ = {
			isa = XCVersionGroup;
			children = (
				E26E611C2436843900E78D89 /* Habito.xcdatamodel */,
			);
			currentVersion = E26E611C2436843900E78D89 /* Habito.xcdatamodel */;
			path = Habito.xcdatamodeld;
			sourceTree = "<group>";
			versionGroupType = wrapper.xcdatamodel;
		};
/* End XCVersionGroup section */
	};
	rootObject = E26E610C2436843900E78D89 /* Project object */;
}
